
Microsoft Visual Studio Solution File, Format Version 12.00
# Visual Studio 15
VisualStudioVersion = 15.0.27703.2026
MinimumVisualStudioVersion = 10.0.40219.1
Project("{9A19103F-16F7-4668-BE54-9A1E7A4F7556}") = "Woof.Core", "Woof.Core.csproj", "{4F5F6566-460D-4EBB-B20B-94EDED510573}"
EndProject
Project("{9A19103F-16F7-4668-BE54-9A1E7A4F7556}") = "Woof.Core.Tests", "Tests\Woof.Core.Tests.csproj", "{59D4BF61-27DB-4CC2-B4AC-B8B765656BF7}"
EndProject
Global
	GlobalSection(SolutionConfigurationPlatforms) = preSolution
		Debug|Any CPU = Debug|Any CPU
		Release|Any CPU = Release|Any CPU
	EndGlobalSection
	GlobalSection(ProjectConfigurationPlatforms) = postSolution
		{4F5F6566-460D-4EBB-B20B-94EDED510573}.Debug|Any CPU.ActiveCfg = Debug|Any CPU
		{4F5F6566-460D-4EBB-B20B-94EDED510573}.Debug|Any CPU.Build.0 = Debug|Any CPU
		{4F5F6566-460D-4EBB-B20B-94EDED510573}.Release|Any CPU.ActiveCfg = Release|Any CPU
		{4F5F6566-460D-4EBB-B20B-94EDED510573}.Release|Any CPU.Build.0 = Release|Any CPU
		{59D4BF61-27DB-4CC2-B4AC-B8B765656BF7}.Debug|Any CPU.ActiveCfg = Debug|Any CPU
		{59D4BF61-27DB-4CC2-B4AC-B8B765656BF7}.Debug|Any CPU.Build.0 = Debug|Any CPU
		{59D4BF61-27DB-4CC2-B4AC-B8B765656BF7}.Release|Any CPU.ActiveCfg = Release|Any CPU
		{59D4BF61-27DB-4CC2-B4AC-B8B765656BF7}.Release|Any CPU.Build.0 = Release|Any CPU
	EndGlobalSection
	GlobalSection(SolutionProperties) = preSolution
		HideSolutionNode = FALSE
	EndGlobalSection
	GlobalSection(ExtensibilityGlobals) = postSolution
		SolutionGuid = {6ADE22E6-CDDD-486B-94C6-570A2C83146C}
	EndGlobalSection
EndGlobal
